// !$*UTF8*$!
{
	archiveVersion = 1;
	classes = {
	};
	objectVersion = 56;
	objects = {

/* Begin PBXBuildFile section */
		14A90C65CECF51FDA0170A86 /* Pods_fetchapi_fetchapiUITests.framework in Frameworks */ = {isa = PBXBuildFile; fileRef = F9034F8DFA656256182B675A /* Pods_fetchapi_fetchapiUITests.framework */; };
		645F88441D511006B0575719 /* Pods_fetchapi.framework in Frameworks */ = {isa = PBXBuildFile; fileRef = 5564D982DB42C3225EEDACFA /* Pods_fetchapi.framework */; };
		74367E9D2B83653C00EC2F9B /* AppDelegate.swift in Sources */ = {isa = PBXBuildFile; fileRef = 74367E9C2B83653C00EC2F9B /* AppDelegate.swift */; };
		74367E9F2B83653C00EC2F9B /* SceneDelegate.swift in Sources */ = {isa = PBXBuildFile; fileRef = 74367E9E2B83653C00EC2F9B /* SceneDelegate.swift */; };
		74367EA12B83653C00EC2F9B /* ViewController.swift in Sources */ = {isa = PBXBuildFile; fileRef = 74367EA02B83653C00EC2F9B /* ViewController.swift */; };
		74367EA42B83653C00EC2F9B /* Main.storyboard in Resources */ = {isa = PBXBuildFile; fileRef = 74367EA22B83653C00EC2F9B /* Main.storyboard */; };
		74367EA62B83653D00EC2F9B /* Assets.xcassets in Resources */ = {isa = PBXBuildFile; fileRef = 74367EA52B83653D00EC2F9B /* Assets.xcassets */; };
		74367EA92B83653D00EC2F9B /* LaunchScreen.storyboard in Resources */ = {isa = PBXBuildFile; fileRef = 74367EA72B83653D00EC2F9B /* LaunchScreen.storyboard */; };
		74367EB42B83653E00EC2F9B /* fetchapiTests.swift in Sources */ = {isa = PBXBuildFile; fileRef = 74367EB32B83653E00EC2F9B /* fetchapiTests.swift */; };
		74367EBE2B83653E00EC2F9B /* fetchapiUITests.swift in Sources */ = {isa = PBXBuildFile; fileRef = 74367EBD2B83653E00EC2F9B /* fetchapiUITests.swift */; };
		74367EC02B83653E00EC2F9B /* fetchapiUITestsLaunchTests.swift in Sources */ = {isa = PBXBuildFile; fileRef = 74367EBF2B83653E00EC2F9B /* fetchapiUITestsLaunchTests.swift */; };
		D4C3715A0BEAC79B1EBB116D /* Pods_fetchapiTests.framework in Frameworks */ = {isa = PBXBuildFile; fileRef = 883313FD54CC36EBC3486B7D /* Pods_fetchapiTests.framework */; };
/* End PBXBuildFile section */

/* Begin PBXContainerItemProxy section */
		74367EB02B83653E00EC2F9B /* PBXContainerItemProxy */ = {
			isa = PBXContainerItemProxy;
			containerPortal = 74367E912B83653C00EC2F9B /* Project object */;
			proxyType = 1;
			remoteGlobalIDString = 74367E982B83653C00EC2F9B;
			remoteInfo = fetchapi;
		};
		74367EBA2B83653E00EC2F9B /* PBXContainerItemProxy */ = {
			isa = PBXContainerItemProxy;
			containerPortal = 74367E912B83653C00EC2F9B /* Project object */;
			proxyType = 1;
			remoteGlobalIDString = 74367E982B83653C00EC2F9B;
			remoteInfo = fetchapi;
		};
/* End PBXContainerItemProxy section */

/* Begin PBXFileReference section */
		54A951967B9B641D2623D931 /* Pods-fetchapi.debug.xcconfig */ = {isa = PBXFileReference; includeInIndex = 1; lastKnownFileType = text.xcconfig; name = "Pods-fetchapi.debug.xcconfig"; path = "Target Support Files/Pods-fetchapi/Pods-fetchapi.debug.xcconfig"; sourceTree = "<group>"; };
		5564D982DB42C3225EEDACFA /* Pods_fetchapi.framework */ = {isa = PBXFileReference; explicitFileType = wrapper.framework; includeInIndex = 0; path = Pods_fetchapi.framework; sourceTree = BUILT_PRODUCTS_DIR; };
		5FE46170B4FB84B00D5671EF /* Pods-fetchapi.release.xcconfig */ = {isa = PBXFileReference; includeInIndex = 1; lastKnownFileType = text.xcconfig; name = "Pods-fetchapi.release.xcconfig"; path = "Target Support Files/Pods-fetchapi/Pods-fetchapi.release.xcconfig"; sourceTree = "<group>"; };
		74367E992B83653C00EC2F9B /* fetchapi.app */ = {isa = PBXFileReference; explicitFileType = wrapper.application; includeInIndex = 0; path = fetchapi.app; sourceTree = BUILT_PRODUCTS_DIR; };
		74367E9C2B83653C00EC2F9B /* AppDelegate.swift */ = {isa = PBXFileReference; lastKnownFileType = sourcecode.swift; path = AppDelegate.swift; sourceTree = "<group>"; };
		74367E9E2B83653C00EC2F9B /* SceneDelegate.swift */ = {isa = PBXFileReference; lastKnownFileType = sourcecode.swift; path = SceneDelegate.swift; sourceTree = "<group>"; };
		74367EA02B83653C00EC2F9B /* ViewController.swift */ = {isa = PBXFileReference; lastKnownFileType = sourcecode.swift; path = ViewController.swift; sourceTree = "<group>"; };
		74367EA32B83653C00EC2F9B /* Base */ = {isa = PBXFileReference; lastKnownFileType = file.storyboard; name = Base; path = Base.lproj/Main.storyboard; sourceTree = "<group>"; };
		74367EA52B83653D00EC2F9B /* Assets.xcassets */ = {isa = PBXFileReference; lastKnownFileType = folder.assetcatalog; path = Assets.xcassets; sourceTree = "<group>"; };
		74367EA82B83653D00EC2F9B /* Base */ = {isa = PBXFileReference; lastKnownFileType = file.storyboard; name = Base; path = Base.lproj/LaunchScreen.storyboard; sourceTree = "<group>"; };
		74367EAA2B83653D00EC2F9B /* Info.plist */ = {isa = PBXFileReference; lastKnownFileType = text.plist.xml; path = Info.plist; sourceTree = "<group>"; };
		74367EAF2B83653E00EC2F9B /* fetchapiTests.xctest */ = {isa = PBXFileReference; explicitFileType = wrapper.cfbundle; includeInIndex = 0; path = fetchapiTests.xctest; sourceTree = BUILT_PRODUCTS_DIR; };
		74367EB32B83653E00EC2F9B /* fetchapiTests.swift */ = {isa = PBXFileReference; lastKnownFileType = sourcecode.swift; path = fetchapiTests.swift; sourceTree = "<group>"; };
		74367EB92B83653E00EC2F9B /* fetchapiUITests.xctest */ = {isa = PBXFileReference; explicitFileType = wrapper.cfbundle; includeInIndex = 0; path = fetchapiUITests.xctest; sourceTree = BUILT_PRODUCTS_DIR; };
		74367EBD2B83653E00EC2F9B /* fetchapiUITests.swift */ = {isa = PBXFileReference; lastKnownFileType = sourcecode.swift; path = fetchapiUITests.swift; sourceTree = "<group>"; };
		74367EBF2B83653E00EC2F9B /* fetchapiUITestsLaunchTests.swift */ = {isa = PBXFileReference; lastKnownFileType = sourcecode.swift; path = fetchapiUITestsLaunchTests.swift; sourceTree = "<group>"; };
		788734C8AE3524E4B2899732 /* Pods-fetchapi-fetchapiUITests.debug.xcconfig */ = {isa = PBXFileReference; includeInIndex = 1; lastKnownFileType = text.xcconfig; name = "Pods-fetchapi-fetchapiUITests.debug.xcconfig"; path = "Target Support Files/Pods-fetchapi-fetchapiUITests/Pods-fetchapi-fetchapiUITests.debug.xcconfig"; sourceTree = "<group>"; };
		883313FD54CC36EBC3486B7D /* Pods_fetchapiTests.framework */ = {isa = PBXFileReference; explicitFileType = wrapper.framework; includeInIndex = 0; path = Pods_fetchapiTests.framework; sourceTree = BUILT_PRODUCTS_DIR; };
		A9934FC0B336317EE4695E72 /* Pods-fetchapiTests.release.xcconfig */ = {isa = PBXFileReference; includeInIndex = 1; lastKnownFileType = text.xcconfig; name = "Pods-fetchapiTests.release.xcconfig"; path = "Target Support Files/Pods-fetchapiTests/Pods-fetchapiTests.release.xcconfig"; sourceTree = "<group>"; };
		EAAB406C30DC49EED2A1C234 /* Pods-fetchapiTests.debug.xcconfig */ = {isa = PBXFileReference; includeInIndex = 1; lastKnownFileType = text.xcconfig; name = "Pods-fetchapiTests.debug.xcconfig"; path = "Target Support Files/Pods-fetchapiTests/Pods-fetchapiTests.debug.xcconfig"; sourceTree = "<group>"; };
		ED5B68CF432F49CBBB909DA2 /* Pods-fetchapi-fetchapiUITests.release.xcconfig */ = {isa = PBXFileReference; includeInIndex = 1; lastKnownFileType = text.xcconfig; name = "Pods-fetchapi-fetchapiUITests.release.xcconfig"; path = "Target Support Files/Pods-fetchapi-fetchapiUITests/Pods-fetchapi-fetchapiUITests.release.xcconfig"; sourceTree = "<group>"; };
		F9034F8DFA656256182B675A /* Pods_fetchapi_fetchapiUITests.framework */ = {isa = PBXFileReference; explicitFileType = wrapper.framework; includeInIndex = 0; path = Pods_fetchapi_fetchapiUITests.framework; sourceTree = BUILT_PRODUCTS_DIR; };
/* End PBXFileReference section */

/* Begin PBXFrameworksBuildPhase section */
		74367E962B83653C00EC2F9B /* Frameworks */ = {
			isa = PBXFrameworksBuildPhase;
			buildActionMask = 2147483647;
			files = (
				645F88441D511006B0575719 /* Pods_fetchapi.framework in Frameworks */,
			);
			runOnlyForDeploymentPostprocessing = 0;
		};
		74367EAC2B83653E00EC2F9B /* Frameworks */ = {
			isa = PBXFrameworksBuildPhase;
			buildActionMask = 2147483647;
			files = (
				D4C3715A0BEAC79B1EBB116D /* Pods_fetchapiTests.framework in Frameworks */,
			);
			runOnlyForDeploymentPostprocessing = 0;
		};
		74367EB62B83653E00EC2F9B /* Frameworks */ = {
			isa = PBXFrameworksBuildPhase;
			buildActionMask = 2147483647;
			files = (
				14A90C65CECF51FDA0170A86 /* Pods_fetchapi_fetchapiUITests.framework in Frameworks */,
			);
			runOnlyForDeploymentPostprocessing = 0;
		};
/* End PBXFrameworksBuildPhase section */

/* Begin PBXGroup section */
		63BA0BBEA888F2EE3A21D375 /* Frameworks */ = {
			isa = PBXGroup;
			children = (
				5564D982DB42C3225EEDACFA /* Pods_fetchapi.framework */,
				F9034F8DFA656256182B675A /* Pods_fetchapi_fetchapiUITests.framework */,
				883313FD54CC36EBC3486B7D /* Pods_fetchapiTests.framework */,
			);
			name = Frameworks;
			sourceTree = "<group>";
		};
		74367E902B83653C00EC2F9B = {
			isa = PBXGroup;
			children = (
				74367E9B2B83653C00EC2F9B /* fetchapi */,
				74367EB22B83653E00EC2F9B /* fetchapiTests */,
				74367EBC2B83653E00EC2F9B /* fetchapiUITests */,
				74367E9A2B83653C00EC2F9B /* Products */,
				FB92CCC9587E45C87813D23A /* Pods */,
				63BA0BBEA888F2EE3A21D375 /* Frameworks */,
			);
			sourceTree = "<group>";
		};
		74367E9A2B83653C00EC2F9B /* Products */ = {
			isa = PBXGroup;
			children = (
				74367E992B83653C00EC2F9B /* fetchapi.app */,
				74367EAF2B83653E00EC2F9B /* fetchapiTests.xctest */,
				74367EB92B83653E00EC2F9B /* fetchapiUITests.xctest */,
			);
			name = Products;
			sourceTree = "<group>";
		};
		74367E9B2B83653C00EC2F9B /* fetchapi */ = {
			isa = PBXGroup;
			children = (
				74367E9C2B83653C00EC2F9B /* AppDelegate.swift */,
				74367E9E2B83653C00EC2F9B /* SceneDelegate.swift */,
				74367EA02B83653C00EC2F9B /* ViewController.swift */,
				74367EA22B83653C00EC2F9B /* Main.storyboard */,
				74367EA52B83653D00EC2F9B /* Assets.xcassets */,
				74367EA72B83653D00EC2F9B /* LaunchScreen.storyboard */,
				74367EAA2B83653D00EC2F9B /* Info.plist */,
			);
			path = fetchapi;
			sourceTree = "<group>";
		};
		74367EB22B83653E00EC2F9B /* fetchapiTests */ = {
			isa = PBXGroup;
			children = (
				74367EB32B83653E00EC2F9B /* fetchapiTests.swift */,
			);
			path = fetchapiTests;
			sourceTree = "<group>";
		};
		74367EBC2B83653E00EC2F9B /* fetchapiUITests */ = {
			isa = PBXGroup;
			children = (
				74367EBD2B83653E00EC2F9B /* fetchapiUITests.swift */,
				74367EBF2B83653E00EC2F9B /* fetchapiUITestsLaunchTests.swift */,
			);
			path = fetchapiUITests;
			sourceTree = "<group>";
		};
		FB92CCC9587E45C87813D23A /* Pods */ = {
			isa = PBXGroup;
			children = (
				54A951967B9B641D2623D931 /* Pods-fetchapi.debug.xcconfig */,
				5FE46170B4FB84B00D5671EF /* Pods-fetchapi.release.xcconfig */,
				788734C8AE3524E4B2899732 /* Pods-fetchapi-fetchapiUITests.debug.xcconfig */,
				ED5B68CF432F49CBBB909DA2 /* Pods-fetchapi-fetchapiUITests.release.xcconfig */,
				EAAB406C30DC49EED2A1C234 /* Pods-fetchapiTests.debug.xcconfig */,
				A9934FC0B336317EE4695E72 /* Pods-fetchapiTests.release.xcconfig */,
			);
			path = Pods;
			sourceTree = "<group>";
		};
/* End PBXGroup section */

/* Begin PBXNativeTarget section */
		74367E982B83653C00EC2F9B /* fetchapi */ = {
			isa = PBXNativeTarget;
			buildConfigurationList = 74367EC32B83653E00EC2F9B /* Build configuration list for PBXNativeTarget "fetchapi" */;
			buildPhases = (
				B70B6BC8825D56033A0D3112 /* [CP] Check Pods Manifest.lock */,
				74367E952B83653C00EC2F9B /* Sources */,
				74367E962B83653C00EC2F9B /* Frameworks */,
				74367E972B83653C00EC2F9B /* Resources */,
				DBF17474EA22DE2C13F65539 /* [CP] Embed Pods Frameworks */,
			);
			buildRules = (
			);
			dependencies = (
			);
			name = fetchapi;
			productName = fetchapi;
			productReference = 74367E992B83653C00EC2F9B /* fetchapi.app */;
			productType = "com.apple.product-type.application";
		};
		74367EAE2B83653E00EC2F9B /* fetchapiTests */ = {
			isa = PBXNativeTarget;
			buildConfigurationList = 74367EC62B83653E00EC2F9B /* Build configuration list for PBXNativeTarget "fetchapiTests" */;
			buildPhases = (
				C3A78A3FCAD72AF07877EE28 /* [CP] Check Pods Manifest.lock */,
				74367EAB2B83653E00EC2F9B /* Sources */,
				74367EAC2B83653E00EC2F9B /* Frameworks */,
				74367EAD2B83653E00EC2F9B /* Resources */,
			);
			buildRules = (
			);
			dependencies = (
				74367EB12B83653E00EC2F9B /* PBXTargetDependency */,
			);
			name = fetchapiTests;
			productName = fetchapiTests;
			productReference = 74367EAF2B83653E00EC2F9B /* fetchapiTests.xctest */;
			productType = "com.apple.product-type.bundle.unit-test";
		};
		74367EB82B83653E00EC2F9B /* fetchapiUITests */ = {
			isa = PBXNativeTarget;
			buildConfigurationList = 74367EC92B83653E00EC2F9B /* Build configuration list for PBXNativeTarget "fetchapiUITests" */;
			buildPhases = (
				C272C806C35D5448D9AF9E55 /* [CP] Check Pods Manifest.lock */,
				74367EB52B83653E00EC2F9B /* Sources */,
				74367EB62B83653E00EC2F9B /* Frameworks */,
				74367EB72B83653E00EC2F9B /* Resources */,
				B25687D458D830AEA0A0BADE /* [CP] Embed Pods Frameworks */,
			);
			buildRules = (
			);
			dependencies = (
				74367EBB2B83653E00EC2F9B /* PBXTargetDependency */,
			);
			name = fetchapiUITests;
			productName = fetchapiUITests;
			productReference = 74367EB92B83653E00EC2F9B /* fetchapiUITests.xctest */;
			productType = "com.apple.product-type.bundle.ui-testing";
		};
/* End PBXNativeTarget section */

/* Begin PBXProject section */
		74367E912B83653C00EC2F9B /* Project object */ = {
			isa = PBXProject;
			attributes = {
				BuildIndependentTargetsInParallel = 1;
				LastSwiftUpdateCheck = 1520;
				LastUpgradeCheck = 1520;
				TargetAttributes = {
					74367E982B83653C00EC2F9B = {
						CreatedOnToolsVersion = 15.2;
					};
					74367EAE2B83653E00EC2F9B = {
						CreatedOnToolsVersion = 15.2;
						TestTargetID = 74367E982B83653C00EC2F9B;
					};
					74367EB82B83653E00EC2F9B = {
						CreatedOnToolsVersion = 15.2;
						TestTargetID = 74367E982B83653C00EC2F9B;
					};
				};
			};
			buildConfigurationList = 74367E942B83653C00EC2F9B /* Build configuration list for PBXProject "fetchapi" */;
			compatibilityVersion = "Xcode 14.0";
			developmentRegion = en;
			hasScannedForEncodings = 0;
			knownRegions = (
				en,
				Base,
			);
			mainGroup = 74367E902B83653C00EC2F9B;
			productRefGroup = 74367E9A2B83653C00EC2F9B /* Products */;
			projectDirPath = "";
			projectRoot = "";
			targets = (
				74367E982B83653C00EC2F9B /* fetchapi */,
				74367EAE2B83653E00EC2F9B /* fetchapiTests */,
				74367EB82B83653E00EC2F9B /* fetchapiUITests */,
			);
		};
/* End PBXProject section */

/* Begin PBXResourcesBuildPhase section */
		74367E972B83653C00EC2F9B /* Resources */ = {
			isa = PBXResourcesBuildPhase;
			buildActionMask = 2147483647;
			files = (
				74367EA92B83653D00EC2F9B /* LaunchScreen.storyboard in Resources */,
				74367EA62B83653D00EC2F9B /* Assets.xcassets in Resources */,
				74367EA42B83653C00EC2F9B /* Main.storyboard in Resources */,
			);
			runOnlyForDeploymentPostprocessing = 0;
		};
		74367EAD2B83653E00EC2F9B /* Resources */ = {
			isa = PBXResourcesBuildPhase;
			buildActionMask = 2147483647;
			files = (
			);
			runOnlyForDeploymentPostprocessing = 0;
		};
		74367EB72B83653E00EC2F9B /* Resources */ = {
			isa = PBXResourcesBuildPhase;
			buildActionMask = 2147483647;
			files = (
			);
			runOnlyForDeploymentPostprocessing = 0;
		};
/* End PBXResourcesBuildPhase section */

/* Begin PBXShellScriptBuildPhase section */
		B25687D458D830AEA0A0BADE /* [CP] Embed Pods Frameworks */ = {
			isa = PBXShellScriptBuildPhase;
			buildActionMask = 2147483647;
			files = (
			);
			inputFileListPaths = (
				"${PODS_ROOT}/Target Support Files/Pods-fetchapi-fetchapiUITests/Pods-fetchapi-fetchapiUITests-frameworks-${CONFIGURATION}-input-files.xcfilelist",
			);
			name = "[CP] Embed Pods Frameworks";
			outputFileListPaths = (
				"${PODS_ROOT}/Target Support Files/Pods-fetchapi-fetchapiUITests/Pods-fetchapi-fetchapiUITests-frameworks-${CONFIGURATION}-output-files.xcfilelist",
			);
			runOnlyForDeploymentPostprocessing = 0;
			shellPath = /bin/sh;
			shellScript = "\"${PODS_ROOT}/Target Support Files/Pods-fetchapi-fetchapiUITests/Pods-fetchapi-fetchapiUITests-frameworks.sh\"\n";
			showEnvVarsInLog = 0;
		};
		B70B6BC8825D56033A0D3112 /* [CP] Check Pods Manifest.lock */ = {
			isa = PBXShellScriptBuildPhase;
			buildActionMask = 2147483647;
			files = (
			);
			inputFileListPaths = (
			);
			inputPaths = (
				"${PODS_PODFILE_DIR_PATH}/Podfile.lock",
				"${PODS_ROOT}/Manifest.lock",
			);
			name = "[CP] Check Pods Manifest.lock";
			outputFileListPaths = (
			);
			outputPaths = (
				"$(DERIVED_FILE_DIR)/Pods-fetchapi-checkManifestLockResult.txt",
			);
			runOnlyForDeploymentPostprocessing = 0;
			shellPath = /bin/sh;
			shellScript = "diff \"${PODS_PODFILE_DIR_PATH}/Podfile.lock\" \"${PODS_ROOT}/Manifest.lock\" > /dev/null\nif [ $? != 0 ] ; then\n    # print error to STDERR\n    echo \"error: The sandbox is not in sync with the Podfile.lock. Run 'pod install' or update your CocoaPods installation.\" >&2\n    exit 1\nfi\n# This output is used by Xcode 'outputs' to avoid re-running this script phase.\necho \"SUCCESS\" > \"${SCRIPT_OUTPUT_FILE_0}\"\n";
			showEnvVarsInLog = 0;
		};
		C272C806C35D5448D9AF9E55 /* [CP] Check Pods Manifest.lock */ = {
			isa = PBXShellScriptBuildPhase;
			buildActionMask = 2147483647;
			files = (
			);
			inputFileListPaths = (
			);
			inputPaths = (
				"${PODS_PODFILE_DIR_PATH}/Podfile.lock",
				"${PODS_ROOT}/Manifest.lock",
			);
			name = "[CP] Check Pods Manifest.lock";
			outputFileListPaths = (
			);
			outputPaths = (
				"$(DERIVED_FILE_DIR)/Pods-fetchapi-fetchapiUITests-checkManifestLockResult.txt",
			);
			runOnlyForDeploymentPostprocessing = 0;
			shellPath = /bin/sh;
			shellScript = "diff \"${PODS_PODFILE_DIR_PATH}/Podfile.lock\" \"${PODS_ROOT}/Manifest.lock\" > /dev/null\nif [ $? != 0 ] ; then\n    # print error to STDERR\n    echo \"error: The sandbox is not in sync with the Podfile.lock. Run 'pod install' or update your CocoaPods installation.\" >&2\n    exit 1\nfi\n# This output is used by Xcode 'outputs' to avoid re-running this script phase.\necho \"SUCCESS\" > \"${SCRIPT_OUTPUT_FILE_0}\"\n";
			showEnvVarsInLog = 0;
		};
		C3A78A3FCAD72AF07877EE28 /* [CP] Check Pods Manifest.lock */ = {
			isa = PBXShellScriptBuildPhase;
			buildActionMask = 2147483647;
			files = (
			);
			inputFileListPaths = (
			);
			inputPaths = (
				"${PODS_PODFILE_DIR_PATH}/Podfile.lock",
				"${PODS_ROOT}/Manifest.lock",
			);
			name = "[CP] Check Pods Manifest.lock";
			outputFileListPaths = (
			);
			outputPaths = (
				"$(DERIVED_FILE_DIR)/Pods-fetchapiTests-checkManifestLockResult.txt",
			);
			runOnlyForDeploymentPostprocessing = 0;
			shellPath = /bin/sh;
			shellScript = "diff \"${PODS_PODFILE_DIR_PATH}/Podfile.lock\" \"${PODS_ROOT}/Manifest.lock\" > /dev/null\nif [ $? != 0 ] ; then\n    # print error to STDERR\n    echo \"error: The sandbox is not in sync with the Podfile.lock. Run 'pod install' or update your CocoaPods installation.\" >&2\n    exit 1\nfi\n# This output is used by Xcode 'outputs' to avoid re-running this script phase.\necho \"SUCCESS\" > \"${SCRIPT_OUTPUT_FILE_0}\"\n";
			showEnvVarsInLog = 0;
		};
		DBF17474EA22DE2C13F65539 /* [CP] Embed Pods Frameworks */ = {
			isa = PBXShellScriptBuildPhase;
			buildActionMask = 2147483647;
			files = (
			);
			inputFileListPaths = (
				"${PODS_ROOT}/Target Support Files/Pods-fetchapi/Pods-fetchapi-frameworks-${CONFIGURATION}-input-files.xcfilelist",
			);
			name = "[CP] Embed Pods Frameworks";
			outputFileListPaths = (
				"${PODS_ROOT}/Target Support Files/Pods-fetchapi/Pods-fetchapi-frameworks-${CONFIGURATION}-output-files.xcfilelist",
			);
			runOnlyForDeploymentPostprocessing = 0;
			shellPath = /bin/sh;
			shellScript = "\"${PODS_ROOT}/Target Support Files/Pods-fetchapi/Pods-fetchapi-frameworks.sh\"\n";
			showEnvVarsInLog = 0;
		};
/* End PBXShellScriptBuildPhase section */

/* Begin PBXSourcesBuildPhase section */
		74367E952B83653C00EC2F9B /* Sources */ = {
			isa = PBXSourcesBuildPhase;
			buildActionMask = 2147483647;
			files = (
				74367EA12B83653C00EC2F9B /* ViewController.swift in Sources */,
				74367E9D2B83653C00EC2F9B /* AppDelegate.swift in Sources */,
				74367E9F2B83653C00EC2F9B /* SceneDelegate.swift in Sources */,
			);
			runOnlyForDeploymentPostprocessing = 0;
		};
		74367EAB2B83653E00EC2F9B /* Sources */ = {
			isa = PBXSourcesBuildPhase;
			buildActionMask = 2147483647;
			files = (
				74367EB42B83653E00EC2F9B /* fetchapiTests.swift in Sources */,
			);
			runOnlyForDeploymentPostprocessing = 0;
		};
		74367EB52B83653E00EC2F9B /* Sources */ = {
			isa = PBXSourcesBuildPhase;
			buildActionMask = 2147483647;
			files = (
				74367EC02B83653E00EC2F9B /* fetchapiUITestsLaunchTests.swift in Sources */,
				74367EBE2B83653E00EC2F9B /* fetchapiUITests.swift in Sources */,
			);
			runOnlyForDeploymentPostprocessing = 0;
		};
/* End PBXSourcesBuildPhase section */

/* Begin PBXTargetDependency section */
		74367EB12B83653E00EC2F9B /* PBXTargetDependency */ = {
			isa = PBXTargetDependency;
			target = 74367E982B83653C00EC2F9B /* fetchapi */;
			targetProxy = 74367EB02B83653E00EC2F9B /* PBXContainerItemProxy */;
		};
		74367EBB2B83653E00EC2F9B /* PBXTargetDependency */ = {
			isa = PBXTargetDependency;
			target = 74367E982B83653C00EC2F9B /* fetchapi */;
			targetProxy = 74367EBA2B83653E00EC2F9B /* PBXContainerItemProxy */;
		};
/* End PBXTargetDependency section */

/* Begin PBXVariantGroup section */
		74367EA22B83653C00EC2F9B /* Main.storyboard */ = {
			isa = PBXVariantGroup;
			children = (
				74367EA32B83653C00EC2F9B /* Base */,
			);
			name = Main.storyboard;
			sourceTree = "<group>";
		};
		74367EA72B83653D00EC2F9B /* LaunchScreen.storyboard */ = {
			isa = PBXVariantGroup;
			children = (
				74367EA82B83653D00EC2F9B /* Base */,
			);
			name = LaunchScreen.storyboard;
			sourceTree = "<group>";
		};
/* End PBXVariantGroup section */

/* Begin XCBuildConfiguration section */
		74367EC12B83653E00EC2F9B /* Debug */ = {
			isa = XCBuildConfiguration;
			buildSettings = {
				ALWAYS_SEARCH_USER_PATHS = NO;
				ASSETCATALOG_COMPILER_GENERATE_SWIFT_ASSET_SYMBOL_EXTENSIONS = YES;
				CLANG_ANALYZER_NONNULL = YES;
				CLANG_ANALYZER_NUMBER_OBJECT_CONVERSION = YES_AGGRESSIVE;
				CLANG_CXX_LANGUAGE_STANDARD = "gnu++20";
				CLANG_ENABLE_MODULES = YES;
				CLANG_ENABLE_OBJC_ARC = YES;
				CLANG_ENABLE_OBJC_WEAK = YES;
				CLANG_WARN_BLOCK_CAPTURE_AUTORELEASING = YES;
				CLANG_WARN_BOOL_CONVERSION = YES;
				CLANG_WARN_COMMA = YES;
				CLANG_WARN_CONSTANT_CONVERSION = YES;
				CLANG_WARN_DEPRECATED_OBJC_IMPLEMENTATIONS = YES;
				CLANG_WARN_DIRECT_OBJC_ISA_USAGE = YES_ERROR;
				CLANG_WARN_DOCUMENTATION_COMMENTS = YES;
				CLANG_WARN_EMPTY_BODY = YES;
				CLANG_WARN_ENUM_CONVERSION = YES;
				CLANG_WARN_INFINITE_RECURSION = YES;
				CLANG_WARN_INT_CONVERSION = YES;
				CLANG_WARN_NON_LITERAL_NULL_CONVERSION = YES;
				CLANG_WARN_OBJC_IMPLICIT_RETAIN_SELF = YES;
				CLANG_WARN_OBJC_LITERAL_CONVERSION = YES;
				CLANG_WARN_OBJC_ROOT_CLASS = YES_ERROR;
				CLANG_WARN_QUOTED_INCLUDE_IN_FRAMEWORK_HEADER = YES;
				CLANG_WARN_RANGE_LOOP_ANALYSIS = YES;
				CLANG_WARN_STRICT_PROTOTYPES = YES;
				CLANG_WARN_SUSPICIOUS_MOVE = YES;
				CLANG_WARN_UNGUARDED_AVAILABILITY = YES_AGGRESSIVE;
				CLANG_WARN_UNREACHABLE_CODE = YES;
				CLANG_WARN__DUPLICATE_METHOD_MATCH = YES;
				COPY_PHASE_STRIP = NO;
				DEBUG_INFORMATION_FORMAT = dwarf;
				ENABLE_STRICT_OBJC_MSGSEND = YES;
				ENABLE_TESTABILITY = YES;
				ENABLE_USER_SCRIPT_SANDBOXING = YES;
				GCC_C_LANGUAGE_STANDARD = gnu17;
				GCC_DYNAMIC_NO_PIC = NO;
				GCC_NO_COMMON_BLOCKS = YES;
				GCC_OPTIMIZATION_LEVEL = 0;
				GCC_PREPROCESSOR_DEFINITIONS = (
					"DEBUG=1",
					"$(inherited)",
				);
				GCC_WARN_64_TO_32_BIT_CONVERSION = YES;
				GCC_WARN_ABOUT_RETURN_TYPE = YES_ERROR;
				GCC_WARN_UNDECLARED_SELECTOR = YES;
				GCC_WARN_UNINITIALIZED_AUTOS = YES_AGGRESSIVE;
				GCC_WARN_UNUSED_FUNCTION = YES;
				GCC_WARN_UNUSED_VARIABLE = YES;
				IPHONEOS_DEPLOYMENT_TARGET = 17.2;
				LOCALIZATION_PREFERS_STRING_CATALOGS = YES;
				MTL_ENABLE_DEBUG_INFO = INCLUDE_SOURCE;
				MTL_FAST_MATH = YES;
				ONLY_ACTIVE_ARCH = YES;
				SDKROOT = iphoneos;
				SWIFT_ACTIVE_COMPILATION_CONDITIONS = "DEBUG $(inherited)";
				SWIFT_OPTIMIZATION_LEVEL = "-Onone";
			};
			name = Debug;
		};
		74367EC22B83653E00EC2F9B /* Release */ = {
			isa = XCBuildConfiguration;
			buildSettings = {
				ALWAYS_SEARCH_USER_PATHS = NO;
				ASSETCATALOG_COMPILER_GENERATE_SWIFT_ASSET_SYMBOL_EXTENSIONS = YES;
				CLANG_ANALYZER_NONNULL = YES;
				CLANG_ANALYZER_NUMBER_OBJECT_CONVERSION = YES_AGGRESSIVE;
				CLANG_CXX_LANGUAGE_STANDARD = "gnu++20";
				CLANG_ENABLE_MODULES = YES;
				CLANG_ENABLE_OBJC_ARC = YES;
				CLANG_ENABLE_OBJC_WEAK = YES;
				CLANG_WARN_BLOCK_CAPTURE_AUTORELEASING = YES;
				CLANG_WARN_BOOL_CONVERSION = YES;
				CLANG_WARN_COMMA = YES;
				CLANG_WARN_CONSTANT_CONVERSION = YES;
				CLANG_WARN_DEPRECATED_OBJC_IMPLEMENTATIONS = YES;
				CLANG_WARN_DIRECT_OBJC_ISA_USAGE = YES_ERROR;
				CLANG_WARN_DOCUMENTATION_COMMENTS = YES;
				CLANG_WARN_EMPTY_BODY = YES;
				CLANG_WARN_ENUM_CONVERSION = YES;
				CLANG_WARN_INFINITE_RECURSION = YES;
				CLANG_WARN_INT_CONVERSION = YES;
				CLANG_WARN_NON_LITERAL_NULL_CONVERSION = YES;
				CLANG_WARN_OBJC_IMPLICIT_RETAIN_SELF = YES;
				CLANG_WARN_OBJC_LITERAL_CONVERSION = YES;
				CLANG_WARN_OBJC_ROOT_CLASS = YES_ERROR;
				CLANG_WARN_QUOTED_INCLUDE_IN_FRAMEWORK_HEADER = YES;
				CLANG_WARN_RANGE_LOOP_ANALYSIS = YES;
				CLANG_WARN_STRICT_PROTOTYPES = YES;
				CLANG_WARN_SUSPICIOUS_MOVE = YES;
				CLANG_WARN_UNGUARDED_AVAILABILITY = YES_AGGRESSIVE;
				CLANG_WARN_UNREACHABLE_CODE = YES;
				CLANG_WARN__DUPLICATE_METHOD_MATCH = YES;
				COPY_PHASE_STRIP = NO;
				DEBUG_INFORMATION_FORMAT = "dwarf-with-dsym";
				ENABLE_NS_ASSERTIONS = NO;
				ENABLE_STRICT_OBJC_MSGSEND = YES;
				ENABLE_USER_SCRIPT_SANDBOXING = YES;
				GCC_C_LANGUAGE_STANDARD = gnu17;
				GCC_NO_COMMON_BLOCKS = YES;
				GCC_WARN_64_TO_32_BIT_CONVERSION = YES;
				GCC_WARN_ABOUT_RETURN_TYPE = YES_ERROR;
				GCC_WARN_UNDECLARED_SELECTOR = YES;
				GCC_WARN_UNINITIALIZED_AUTOS = YES_AGGRESSIVE;
				GCC_WARN_UNUSED_FUNCTION = YES;
				GCC_WARN_UNUSED_VARIABLE = YES;
				IPHONEOS_DEPLOYMENT_TARGET = 17.2;
				LOCALIZATION_PREFERS_STRING_CATALOGS = YES;
				MTL_ENABLE_DEBUG_INFO = NO;
				MTL_FAST_MATH = YES;
				SDKROOT = iphoneos;
				SWIFT_COMPILATION_MODE = wholemodule;
				VALIDATE_PRODUCT = YES;
			};
			name = Release;
		};
		74367EC42B83653E00EC2F9B /* Debug */ = {
			isa = XCBuildConfiguration;
			baseConfigurationReference = 54A951967B9B641D2623D931 /* Pods-fetchapi.debug.xcconfig */;
			buildSettings = {
				ASSETCATALOG_COMPILER_APPICON_NAME = AppIcon;
				ASSETCATALOG_COMPILER_GLOBAL_ACCENT_COLOR_NAME = AccentColor;
				CODE_SIGN_STYLE = Automatic;
				CURRENT_PROJECT_VERSION = 1;
				ENABLE_USER_SCRIPT_SANDBOXING = NO;
				GENERATE_INFOPLIST_FILE = YES;
				INFOPLIST_FILE = fetchapi/Info.plist;
				INFOPLIST_KEY_UIApplicationSupportsIndirectInputEvents = YES;
				INFOPLIST_KEY_UILaunchStoryboardName = LaunchScreen;
				INFOPLIST_KEY_UIMainStoryboardFile = Main;
				INFOPLIST_KEY_UISupportedInterfaceOrientations_iPad = "UIInterfaceOrientationPortrait UIInterfaceOrientationPortraitUpsideDown UIInterfaceOrientationLandscapeLeft UIInterfaceOrientationLandscapeRight";
				INFOPLIST_KEY_UISupportedInterfaceOrientations_iPhone = "UIInterfaceOrientationPortrait UIInterfaceOrientationLandscapeLeft UIInterfaceOrientationLandscapeRight";
				LD_RUNPATH_SEARCH_PATHS = (
					"$(inherited)",
					"@executable_path/Frameworks",
				);
				MARKETING_VERSION = 1.0;
				PRODUCT_BUNDLE_IDENTIFIER = com.zignuts.fetchapi;
				PRODUCT_NAME = "$(TARGET_NAME)";
				SWIFT_EMIT_LOC_STRINGS = YES;
				SWIFT_VERSION = 5.0;
				TARGETED_DEVICE_FAMILY = "1,2";
			};
			name = Debug;
		};
		74367EC52B83653E00EC2F9B /* Release */ = {
			isa = XCBuildConfiguration;
			baseConfigurationReference = 5FE46170B4FB84B00D5671EF /* Pods-fetchapi.release.xcconfig */;
			buildSettings = {
				ASSETCATALOG_COMPILER_APPICON_NAME = AppIcon;
				ASSETCATALOG_COMPILER_GLOBAL_ACCENT_COLOR_NAME = AccentColor;
				CODE_SIGN_STYLE = Automatic;
				CURRENT_PROJECT_VERSION = 1;
				ENABLE_USER_SCRIPT_SANDBOXING = NO;
				GENERATE_INFOPLIST_FILE = YES;
				INFOPLIST_FILE = fetchapi/Info.plist;
				INFOPLIST_KEY_UIApplicationSupportsIndirectInputEvents = YES;
				INFOPLIST_KEY_UILaunchStoryboardName = LaunchScreen;
				INFOPLIST_KEY_UIMainStoryboardFile = Main;
				INFOPLIST_KEY_UISupportedInterfaceOrientations_iPad = "UIInterfaceOrientationPortrait UIInterfaceOrientationPortraitUpsideDown UIInterfaceOrientationLandscapeLeft UIInterfaceOrientationLandscapeRight";
				INFOPLIST_KEY_UISupportedInterfaceOrientations_iPhone = "UIInterfaceOrientationPortrait UIInterfaceOrientationLandscapeLeft UIInterfaceOrientationLandscapeRight";
				LD_RUNPATH_SEARCH_PATHS = (
					"$(inherited)",
					"@executable_path/Frameworks",
				);
				MARKETING_VERSION = 1.0;
				PRODUCT_BUNDLE_IDENTIFIER = com.zignuts.fetchapi;
				PRODUCT_NAME = "$(TARGET_NAME)";
				SWIFT_EMIT_LOC_STRINGS = YES;
				SWIFT_VERSION = 5.0;
				TARGETED_DEVICE_FAMILY = "1,2";
			};
			name = Release;
		};
		74367EC72B83653E00EC2F9B /* Debug */ = {
			isa = XCBuildConfiguration;
			baseConfigurationReference = EAAB406C30DC49EED2A1C234 /* Pods-fetchapiTests.debug.xcconfig */;
			buildSettings = {
				ALWAYS_EMBED_SWIFT_STANDARD_LIBRARIES = YES;
				BUNDLE_LOADER = "$(TEST_HOST)";
				CODE_SIGN_STYLE = Automatic;
				CURRENT_PROJECT_VERSION = 1;
				GENERATE_INFOPLIST_FILE = YES;
				IPHONEOS_DEPLOYMENT_TARGET = 17.2;
				MARKETING_VERSION = 1.0;
				PRODUCT_BUNDLE_IDENTIFIER = com.zignuts.fetchapiTests;
				PRODUCT_NAME = "$(TARGET_NAME)";
				SWIFT_EMIT_LOC_STRINGS = NO;
				SWIFT_VERSION = 5.0;
				TARGETED_DEVICE_FAMILY = "1,2";
				TEST_HOST = "$(BUILT_PRODUCTS_DIR)/fetchapi.app/$(BUNDLE_EXECUTABLE_FOLDER_PATH)/fetchapi";
			};
			name = Debug;
		};
		74367EC82B83653E00EC2F9B /* Release */ = {
			isa = XCBuildConfiguration;
			baseConfigurationReference = A9934FC0B336317EE4695E72 /* Pods-fetchapiTests.release.xcconfig */;
			buildSettings = {
				ALWAYS_EMBED_SWIFT_STANDARD_LIBRARIES = YES;
				BUNDLE_LOADER = "$(TEST_HOST)";
				CODE_SIGN_STYLE = Automatic;
				CURRENT_PROJECT_VERSION = 1;
				GENERATE_INFOPLIST_FILE = YES;
				IPHONEOS_DEPLOYMENT_TARGET = 17.2;
				MARKETING_VERSION = 1.0;
				PRODUCT_BUNDLE_IDENTIFIER = com.zignuts.fetchapiTests;
				PRODUCT_NAME = "$(TARGET_NAME)";
				SWIFT_EMIT_LOC_STRINGS = NO;
				SWIFT_VERSION = 5.0;
				TARGETED_DEVICE_FAMILY = "1,2";
				TEST_HOST = "$(BUILT_PRODUCTS_DIR)/fetchapi.app/$(BUNDLE_EXECUTABLE_FOLDER_PATH)/fetchapi";
			};
			name = Release;
		};
		74367ECA2B83653E00EC2F9B /* Debug */ = {
			isa = XCBuildConfiguration;
			baseConfigurationReference = 788734C8AE3524E4B2899732 /* Pods-fetchapi-fetchapiUITests.debug.xcconfig */;
			buildSettings = {
				ALWAYS_EMBED_SWIFT_STANDARD_LIBRARIES = YES;
				CODE_SIGN_STYLE = Automatic;
				CURRENT_PROJECT_VERSION = 1;
				GENERATE_INFOPLIST_FILE = YES;
				MARKETING_VERSION = 1.0;
				PRODUCT_BUNDLE_IDENTIFIER = com.zignuts.fetchapiUITests;
				PRODUCT_NAME = "$(TARGET_NAME)";
				SWIFT_EMIT_LOC_STRINGS = NO;
				SWIFT_VERSION = 5.0;
				TARGETED_DEVICE_FAMILY = "1,2";
				TEST_TARGET_NAME = fetchapi;
			};
			name = Debug;
		};
		74367ECB2B83653E00EC2F9B /* Release */ = {
			isa = XCBuildConfiguration;
			baseConfigurationReference = ED5B68CF432F49CBBB909DA2 /* Pods-fetchapi-fetchapiUITests.release.xcconfig */;
			buildSettings = {
				ALWAYS_EMBED_SWIFT_STANDARD_LIBRARIES = YES;
				CODE_SIGN_STYLE = Automatic;
				CURRENT_PROJECT_VERSION = 1;
				GENERATE_INFOPLIST_FILE = YES;
				MARKETING_VERSION = 1.0;
				PRODUCT_BUNDLE_IDENTIFIER = com.zignuts.fetchapiUITests;
				PRODUCT_NAME = "$(TARGET_NAME)";
				SWIFT_EMIT_LOC_STRINGS = NO;
				SWIFT_VERSION = 5.0;
				TARGETED_DEVICE_FAMILY = "1,2";
				TEST_TARGET_NAME = fetchapi;
			};
			name = Release;
		};
/* End XCBuildConfiguration section */

/* Begin XCConfigurationList section */
		74367E942B83653C00EC2F9B /* Build configuration list for PBXProject "fetchapi" */ = {
			isa = XCConfigurationList;
			buildConfigurations = (
				74367EC12B83653E00EC2F9B /* Debug */,
				74367EC22B83653E00EC2F9B /* Release */,
			);
			defaultConfigurationIsVisible = 0;
			defaultConfigurationName = Release;
		};
		74367EC32B83653E00EC2F9B /* Build configuration list for PBXNativeTarget "fetchapi" */ = {
			isa = XCConfigurationList;
			buildConfigurations = (
				74367EC42B83653E00EC2F9B /* Debug */,
				74367EC52B83653E00EC2F9B /* Release */,
			);
			defaultConfigurationIsVisible = 0;
			defaultConfigurationName = Release;
		};
		74367EC62B83653E00EC2F9B /* Build configuration list for PBXNativeTarget "fetchapiTests" */ = {
			isa = XCConfigurationList;
			buildConfigurations = (
				74367EC72B83653E00EC2F9B /* Debug */,
				74367EC82B83653E00EC2F9B /* Release */,
			);
			defaultConfigurationIsVisible = 0;
			defaultConfigurationName = Release;
		};
		74367EC92B83653E00EC2F9B /* Build configuration list for PBXNativeTarget "fetchapiUITests" */ = {
			isa = XCConfigurationList;
			buildConfigurations = (
				74367ECA2B83653E00EC2F9B /* Debug */,
				74367ECB2B83653E00EC2F9B /* Release */,
			);
			defaultConfigurationIsVisible = 0;
			defaultConfigurationName = Release;
		};
/* End XCConfigurationList section */
	};
	rootObject = 74367E912B83653C00EC2F9B /* Project object */;
}
